{
  "name": "form",
  "version": "1.0.0",
  "lockfileVersion": 1,
  "requires": true,
  "dependencies": {
    "vue": {
      "version": "2.6.10",
      "resolved": "https://registry.npmjs.org/vue/-/vue-2.6.10.tgz",
      "integrity": "sha512-ImThpeNU9HbdZL3utgMCq0oiMzAkt1mcgy3/E6zWC/G6AaQoeuFdsl9nDhTDU3X1R6FK7nsIUuRACVcjI+A2GQ=="
    },
    "vue-form-wizard": {
      "version": "0.8.4",
      "resolved": "https://registry.npmjs.org/vue-form-wizard/-/vue-form-wizard-0.8.4.tgz",
      "integrity": "sha512-/Zk1+B7bz7qHFJ16mwu021lpPXWf/9Tlr2mTNG3J7M0Hdy3rgA802lWsbKYySns0B0qtsD8BYGjQ2Wyxgg+4uw=="
    }
  }
}
